
Microsoft Visual Studio Solution File, Format Version 12.00
# Visual Studio Version 17
VisualStudioVersion = 17.9.34701.34
MinimumVisualStudioVersion = 10.0.40219.1
Project("{FAE04EC0-301F-11D3-BF4B-00C04F79EFBC}") = "MauiApp1", "MauiApp1\MauiApp1.csproj", "{3E042E39-77C9-4ABB-B474-95C7178CB685}"
EndProject
Global
	GlobalSection(SolutionConfigurationPlatforms) = preSolution
		Debug|Any CPU = Debug|Any CPU
		Release|Any CPU = Release|Any CPU
	EndGlobalSection
	GlobalSection(ProjectConfigurationPlatforms) = postSolution
		{3E042E39-77C9-4ABB-B474-95C7178CB685}.Debug|Any CPU.ActiveCfg = Debug|Any CPU
		{3E042E39-77C9-4ABB-B474-95C7178CB685}.Debug|Any CPU.Build.0 = Debug|Any CPU
		{3E042E39-77C9-4ABB-B474-95C7178CB685}.Debug|Any CPU.Deploy.0 = Debug|Any CPU
		{3E042E39-77C9-4ABB-B474-95C7178CB685}.Release|Any CPU.ActiveCfg = Release|Any CPU
		{3E042E39-77C9-4ABB-B474-95C7178CB685}.Release|Any CPU.Build.0 = Release|Any CPU
		{3E042E39-77C9-4ABB-B474-95C7178CB685}.Release|Any CPU.Deploy.0 = Release|Any CPU
	EndGlobalSection
	GlobalSection(SolutionProperties) = preSolution
		HideSolutionNode = FALSE
	EndGlobalSection
	GlobalSection(ExtensibilityGlobals) = postSolution
		SolutionGuid = {F0455F8F-6373-486A-B004-A551DB0F4F5C}
	EndGlobalSection
EndGlobal
